// !$*UTF8*$!
{
	archiveVersion = 1;
	classes = {
	};
	objectVersion = 56;
	objects = {

/* Begin PBXBuildFile section */
		2B7DC21B2BC8152800035EFE /* english3App.swift in Sources */ = {isa = PBXBuildFile; fileRef = 2B7DC21A2BC8152800035EFE /* english3App.swift */; };
		2B7DC21D2BC8152800035EFE /* ContentView.swift in Sources */ = {isa = PBXBuildFile; fileRef = 2B7DC21C2BC8152800035EFE /* ContentView.swift */; };
		2B7DC21F2BC8152900035EFE /* Assets.xcassets in Resources */ = {isa = PBXBuildFile; fileRef = 2B7DC21E2BC8152900035EFE /* Assets.xcassets */; };
		2B7DC2222BC8152900035EFE /* Preview Assets.xcassets in Resources */ = {isa = PBXBuildFile; fileRef = 2B7DC2212BC8152900035EFE /* Preview Assets.xcassets */; };
		2B7DC22F2BC8153A00035EFE /* WidgetKit.framework in Frameworks */ = {isa = PBXBuildFile; fileRef = 2B7DC22E2BC8153A00035EFE /* WidgetKit.framework */; };
		2B7DC2312BC8153A00035EFE /* SwiftUI.framework in Frameworks */ = {isa = PBXBuildFile; fileRef = 2B7DC2302BC8153A00035EFE /* SwiftUI.framework */; };
		2B7DC2342BC8153A00035EFE /* englishBundle.swift in Sources */ = {isa = PBXBuildFile; fileRef = 2B7DC2332BC8153A00035EFE /* englishBundle.swift */; };
		2B7DC2382BC8153A00035EFE /* english.swift in Sources */ = {isa = PBXBuildFile; fileRef = 2B7DC2372BC8153A00035EFE /* english.swift */; };
		2B7DC23C2BC8153B00035EFE /* Assets.xcassets in Resources */ = {isa = PBXBuildFile; fileRef = 2B7DC23B2BC8153B00035EFE /* Assets.xcassets */; };
		2B7DC2402BC8153B00035EFE /* englishExtension.appex in Embed Foundation Extensions */ = {isa = PBXBuildFile; fileRef = 2B7DC22C2BC8153A00035EFE /* englishExtension.appex */; settings = {ATTRIBUTES = (RemoveHeadersOnCopy, ); }; };
/* End PBXBuildFile section */

/* Begin PBXContainerItemProxy section */
		2B7DC23E2BC8153B00035EFE /* PBXContainerItemProxy */ = {
			isa = PBXContainerItemProxy;
			containerPortal = 2B7DC20F2BC8152800035EFE /* Project object */;
			proxyType = 1;
			remoteGlobalIDString = 2B7DC22B2BC8153A00035EFE;
			remoteInfo = englishExtension;
		};
/* End PBXContainerItemProxy section */

/* Begin PBXCopyFilesBuildPhase section */
		2B7DC2442BC8153B00035EFE /* Embed Foundation Extensions */ = {
			isa = PBXCopyFilesBuildPhase;
			buildActionMask = 2147483647;
			dstPath = "";
			dstSubfolderSpec = 13;
			files = (
				2B7DC2402BC8153B00035EFE /* englishExtension.appex in Embed Foundation Extensions */,
			);
			name = "Embed Foundation Extensions";
			runOnlyForDeploymentPostprocessing = 0;
		};
/* End PBXCopyFilesBuildPhase section */

/* Begin PBXFileReference section */
		2B7DC2172BC8152800035EFE /* english3.app */ = {isa = PBXFileReference; explicitFileType = wrapper.application; includeInIndex = 0; path = english3.app; sourceTree = BUILT_PRODUCTS_DIR; };
		2B7DC21A2BC8152800035EFE /* english3App.swift */ = {isa = PBXFileReference; lastKnownFileType = sourcecode.swift; path = english3App.swift; sourceTree = "<group>"; };
		2B7DC21C2BC8152800035EFE /* ContentView.swift */ = {isa = PBXFileReference; lastKnownFileType = sourcecode.swift; path = ContentView.swift; sourceTree = "<group>"; };
		2B7DC21E2BC8152900035EFE /* Assets.xcassets */ = {isa = PBXFileReference; lastKnownFileType = folder.assetcatalog; path = Assets.xcassets; sourceTree = "<group>"; };
		2B7DC2212BC8152900035EFE /* Preview Assets.xcassets */ = {isa = PBXFileReference; lastKnownFileType = folder.assetcatalog; path = "Preview Assets.xcassets"; sourceTree = "<group>"; };
		2B7DC22C2BC8153A00035EFE /* englishExtension.appex */ = {isa = PBXFileReference; explicitFileType = "wrapper.app-extension"; includeInIndex = 0; path = englishExtension.appex; sourceTree = BUILT_PRODUCTS_DIR; };
		2B7DC22E2BC8153A00035EFE /* WidgetKit.framework */ = {isa = PBXFileReference; lastKnownFileType = wrapper.framework; name = WidgetKit.framework; path = System/Library/Frameworks/WidgetKit.framework; sourceTree = SDKROOT; };
		2B7DC2302BC8153A00035EFE /* SwiftUI.framework */ = {isa = PBXFileReference; lastKnownFileType = wrapper.framework; name = SwiftUI.framework; path = System/Library/Frameworks/SwiftUI.framework; sourceTree = SDKROOT; };
		2B7DC2332BC8153A00035EFE /* englishBundle.swift */ = {isa = PBXFileReference; lastKnownFileType = sourcecode.swift; path = englishBundle.swift; sourceTree = "<group>"; };
		2B7DC2372BC8153A00035EFE /* english.swift */ = {isa = PBXFileReference; lastKnownFileType = sourcecode.swift; path = english.swift; sourceTree = "<group>"; };
		2B7DC23B2BC8153B00035EFE /* Assets.xcassets */ = {isa = PBXFileReference; lastKnownFileType = folder.assetcatalog; path = Assets.xcassets; sourceTree = "<group>"; };
		2B7DC23D2BC8153B00035EFE /* Info.plist */ = {isa = PBXFileReference; lastKnownFileType = text.plist.xml; path = Info.plist; sourceTree = "<group>"; };
/* End PBXFileReference section */

/* Begin PBXFrameworksBuildPhase section */
		2B7DC2142BC8152800035EFE /* Frameworks */ = {
			isa = PBXFrameworksBuildPhase;
			buildActionMask = 2147483647;
			files = (
			);
			runOnlyForDeploymentPostprocessing = 0;
		};
		2B7DC2292BC8153A00035EFE /* Frameworks */ = {
			isa = PBXFrameworksBuildPhase;
			buildActionMask = 2147483647;
			files = (
				2B7DC2312BC8153A00035EFE /* SwiftUI.framework in Frameworks */,
				2B7DC22F2BC8153A00035EFE /* WidgetKit.framework in Frameworks */,
			);
			runOnlyForDeploymentPostprocessing = 0;
		};
/* End PBXFrameworksBuildPhase section */

/* Begin PBXGroup section */
		2B7DC20E2BC8152800035EFE = {
			isa = PBXGroup;
			children = (
				2B7DC2192BC8152800035EFE /* english3 */,
				2B7DC2322BC8153A00035EFE /* english */,
				2B7DC22D2BC8153A00035EFE /* Frameworks */,
				2B7DC2182BC8152800035EFE /* Products */,
			);
			sourceTree = "<group>";
		};
		2B7DC2182BC8152800035EFE /* Products */ = {
			isa = PBXGroup;
			children = (
				2B7DC2172BC8152800035EFE /* english3.app */,
				2B7DC22C2BC8153A00035EFE /* englishExtension.appex */,
			);
			name = Products;
			sourceTree = "<group>";
		};
		2B7DC2192BC8152800035EFE /* english3 */ = {
			isa = PBXGroup;
			children = (
				2B7DC21A2BC8152800035EFE /* english3App.swift */,
				2B7DC21C2BC8152800035EFE /* ContentView.swift */,
				2B7DC21E2BC8152900035EFE /* Assets.xcassets */,
				2B7DC2202BC8152900035EFE /* Preview Content */,
			);
			path = english3;
			sourceTree = "<group>";
		};
		2B7DC2202BC8152900035EFE /* Preview Content */ = {
			isa = PBXGroup;
			children = (
				2B7DC2212BC8152900035EFE /* Preview Assets.xcassets */,
			);
			path = "Preview Content";
			sourceTree = "<group>";
		};
		2B7DC22D2BC8153A00035EFE /* Frameworks */ = {
			isa = PBXGroup;
			children = (
				2B7DC22E2BC8153A00035EFE /* WidgetKit.framework */,
				2B7DC2302BC8153A00035EFE /* SwiftUI.framework */,
			);
			name = Frameworks;
			sourceTree = "<group>";
		};
		2B7DC2322BC8153A00035EFE /* english */ = {
			isa = PBXGroup;
			children = (
				2B7DC2332BC8153A00035EFE /* englishBundle.swift */,
				2B7DC2372BC8153A00035EFE /* english.swift */,
				2B7DC23B2BC8153B00035EFE /* Assets.xcassets */,
				2B7DC23D2BC8153B00035EFE /* Info.plist */,
			);
			path = english;
			sourceTree = "<group>";
		};
/* End PBXGroup section */

/* Begin PBXNativeTarget section */
		2B7DC2162BC8152800035EFE /* english3 */ = {
			isa = PBXNativeTarget;
			buildConfigurationList = 2B7DC2252BC8152900035EFE /* Build configuration list for PBXNativeTarget "english3" */;
			buildPhases = (
				2B7DC2132BC8152800035EFE /* Sources */,
				2B7DC2142BC8152800035EFE /* Frameworks */,
				2B7DC2152BC8152800035EFE /* Resources */,
				2B7DC2442BC8153B00035EFE /* Embed Foundation Extensions */,
			);
			buildRules = (
			);
			dependencies = (
				2B7DC23F2BC8153B00035EFE /* PBXTargetDependency */,
			);
			name = english3;
			productName = english3;
			productReference = 2B7DC2172BC8152800035EFE /* english3.app */;
			productType = "com.apple.product-type.application";
		};
		2B7DC22B2BC8153A00035EFE /* englishExtension */ = {
			isa = PBXNativeTarget;
			buildConfigurationList = 2B7DC2412BC8153B00035EFE /* Build configuration list for PBXNativeTarget "englishExtension" */;
			buildPhases = (
				2B7DC2282BC8153A00035EFE /* Sources */,
				2B7DC2292BC8153A00035EFE /* Frameworks */,
				2B7DC22A2BC8153A00035EFE /* Resources */,
			);
			buildRules = (
			);
			dependencies = (
			);
			name = englishExtension;
			productName = englishExtension;
			productReference = 2B7DC22C2BC8153A00035EFE /* englishExtension.appex */;
			productType = "com.apple.product-type.app-extension";
		};
/* End PBXNativeTarget section */

/* Begin PBXProject section */
		2B7DC20F2BC8152800035EFE /* Project object */ = {
			isa = PBXProject;
			attributes = {
				BuildIndependentTargetsInParallel = 1;
				LastSwiftUpdateCheck = 1520;
				LastUpgradeCheck = 1520;
				TargetAttributes = {
					2B7DC2162BC8152800035EFE = {
						CreatedOnToolsVersion = 15.2;
					};
					2B7DC22B2BC8153A00035EFE = {
						CreatedOnToolsVersion = 15.2;
					};
				};
			};
			buildConfigurationList = 2B7DC2122BC8152800035EFE /* Build configuration list for PBXProject "english3" */;
			compatibilityVersion = "Xcode 14.0";
			developmentRegion = en;
			hasScannedForEncodings = 0;
			knownRegions = (
				en,
				Base,
			);
			mainGroup = 2B7DC20E2BC8152800035EFE;
			productRefGroup = 2B7DC2182BC8152800035EFE /* Products */;
			projectDirPath = "";
			projectRoot = "";
			targets = (
				2B7DC2162BC8152800035EFE /* english3 */,
				2B7DC22B2BC8153A00035EFE /* englishExtension */,
			);
		};
/* End PBXProject section */

/* Begin PBXResourcesBuildPhase section */
		2B7DC2152BC8152800035EFE /* Resources */ = {
			isa = PBXResourcesBuildPhase;
			buildActionMask = 2147483647;
			files = (
				2B7DC2222BC8152900035EFE /* Preview Assets.xcassets in Resources */,
				2B7DC21F2BC8152900035EFE /* Assets.xcassets in Resources */,
			);
			runOnlyForDeploymentPostprocessing = 0;
		};
		2B7DC22A2BC8153A00035EFE /* Resources */ = {
			isa = PBXResourcesBuildPhase;
			buildActionMask = 2147483647;
			files = (
				2B7DC23C2BC8153B00035EFE /* Assets.xcassets in Resources */,
			);
			runOnlyForDeploymentPostprocessing = 0;
		};
/* End PBXResourcesBuildPhase section */

/* Begin PBXSourcesBuildPhase section */
		2B7DC2132BC8152800035EFE /* Sources */ = {
			isa = PBXSourcesBuildPhase;
			buildActionMask = 2147483647;
			files = (
				2B7DC21D2BC8152800035EFE /* ContentView.swift in Sources */,
				2B7DC21B2BC8152800035EFE /* english3App.swift in Sources */,
			);
			runOnlyForDeploymentPostprocessing = 0;
		};
		2B7DC2282BC8153A00035EFE /* Sources */ = {
			isa = PBXSourcesBuildPhase;
			buildActionMask = 2147483647;
			files = (
				2B7DC2382BC8153A00035EFE /* english.swift in Sources */,
				2B7DC2342BC8153A00035EFE /* englishBundle.swift in Sources */,
			);
			runOnlyForDeploymentPostprocessing = 0;
		};
/* End PBXSourcesBuildPhase section */

/* Begin PBXTargetDependency section */
		2B7DC23F2BC8153B00035EFE /* PBXTargetDependency */ = {
			isa = PBXTargetDependency;
			target = 2B7DC22B2BC8153A00035EFE /* englishExtension */;
			targetProxy = 2B7DC23E2BC8153B00035EFE /* PBXContainerItemProxy */;
		};
/* End PBXTargetDependency section */

/* Begin XCBuildConfiguration section */
		2B7DC2232BC8152900035EFE /* Debug */ = {
			isa = XCBuildConfiguration;
			buildSettings = {
				ALWAYS_SEARCH_USER_PATHS = NO;
				ASSETCATALOG_COMPILER_GENERATE_SWIFT_ASSET_SYMBOL_EXTENSIONS = YES;
				CLANG_ANALYZER_NONNULL = YES;
				CLANG_ANALYZER_NUMBER_OBJECT_CONVERSION = YES_AGGRESSIVE;
				CLANG_CXX_LANGUAGE_STANDARD = "gnu++20";
				CLANG_ENABLE_MODULES = YES;
				CLANG_ENABLE_OBJC_ARC = YES;
				CLANG_ENABLE_OBJC_WEAK = YES;
				CLANG_WARN_BLOCK_CAPTURE_AUTORELEASING = YES;
				CLANG_WARN_BOOL_CONVERSION = YES;
				CLANG_WARN_COMMA = YES;
				CLANG_WARN_CONSTANT_CONVERSION = YES;
				CLANG_WARN_DEPRECATED_OBJC_IMPLEMENTATIONS = YES;
				CLANG_WARN_DIRECT_OBJC_ISA_USAGE = YES_ERROR;
				CLANG_WARN_DOCUMENTATION_COMMENTS = YES;
				CLANG_WARN_EMPTY_BODY = YES;
				CLANG_WARN_ENUM_CONVERSION = YES;
				CLANG_WARN_INFINITE_RECURSION = YES;
				CLANG_WARN_INT_CONVERSION = YES;
				CLANG_WARN_NON_LITERAL_NULL_CONVERSION = YES;
				CLANG_WARN_OBJC_IMPLICIT_RETAIN_SELF = YES;
				CLANG_WARN_OBJC_LITERAL_CONVERSION = YES;
				CLANG_WARN_OBJC_ROOT_CLASS = YES_ERROR;
				CLANG_WARN_QUOTED_INCLUDE_IN_FRAMEWORK_HEADER = YES;
				CLANG_WARN_RANGE_LOOP_ANALYSIS = YES;
				CLANG_WARN_STRICT_PROTOTYPES = YES;
				CLANG_WARN_SUSPICIOUS_MOVE = YES;
				CLANG_WARN_UNGUARDED_AVAILABILITY = YES_AGGRESSIVE;
				CLANG_WARN_UNREACHABLE_CODE = YES;
				CLANG_WARN__DUPLICATE_METHOD_MATCH = YES;
				COPY_PHASE_STRIP = NO;
				DEBUG_INFORMATION_FORMAT = dwarf;
				ENABLE_STRICT_OBJC_MSGSEND = YES;
				ENABLE_TESTABILITY = YES;
				ENABLE_USER_SCRIPT_SANDBOXING = YES;
				GCC_C_LANGUAGE_STANDARD = gnu17;
				GCC_DYNAMIC_NO_PIC = NO;
				GCC_NO_COMMON_BLOCKS = YES;
				GCC_OPTIMIZATION_LEVEL = 0;
				GCC_PREPROCESSOR_DEFINITIONS = (
					"DEBUG=1",
					"$(inherited)",
				);
				GCC_WARN_64_TO_32_BIT_CONVERSION = YES;
				GCC_WARN_ABOUT_RETURN_TYPE = YES_ERROR;
				GCC_WARN_UNDECLARED_SELECTOR = YES;
				GCC_WARN_UNINITIALIZED_AUTOS = YES_AGGRESSIVE;
				GCC_WARN_UNUSED_FUNCTION = YES;
				GCC_WARN_UNUSED_VARIABLE = YES;
				IPHONEOS_DEPLOYMENT_TARGET = 17.2;
				LOCALIZATION_PREFERS_STRING_CATALOGS = YES;
				MTL_ENABLE_DEBUG_INFO = INCLUDE_SOURCE;
				MTL_FAST_MATH = YES;
				ONLY_ACTIVE_ARCH = YES;
				SDKROOT = iphoneos;
				SWIFT_ACTIVE_COMPILATION_CONDITIONS = "DEBUG $(inherited)";
				SWIFT_OPTIMIZATION_LEVEL = "-Onone";
			};
			name = Debug;
		};
		2B7DC2242BC8152900035EFE /* Release */ = {
			isa = XCBuildConfiguration;
			buildSettings = {
				ALWAYS_SEARCH_USER_PATHS = NO;
				ASSETCATALOG_COMPILER_GENERATE_SWIFT_ASSET_SYMBOL_EXTENSIONS = YES;
				CLANG_ANALYZER_NONNULL = YES;
				CLANG_ANALYZER_NUMBER_OBJECT_CONVERSION = YES_AGGRESSIVE;
				CLANG_CXX_LANGUAGE_STANDARD = "gnu++20";
				CLANG_ENABLE_MODULES = YES;
				CLANG_ENABLE_OBJC_ARC = YES;
				CLANG_ENABLE_OBJC_WEAK = YES;
				CLANG_WARN_BLOCK_CAPTURE_AUTORELEASING = YES;
				CLANG_WARN_BOOL_CONVERSION = YES;
				CLANG_WARN_COMMA = YES;
				CLANG_WARN_CONSTANT_CONVERSION = YES;
				CLANG_WARN_DEPRECATED_OBJC_IMPLEMENTATIONS = YES;
				CLANG_WARN_DIRECT_OBJC_ISA_USAGE = YES_ERROR;
				CLANG_WARN_DOCUMENTATION_COMMENTS = YES;
				CLANG_WARN_EMPTY_BODY = YES;
				CLANG_WARN_ENUM_CONVERSION = YES;
				CLANG_WARN_INFINITE_RECURSION = YES;
				CLANG_WARN_INT_CONVERSION = YES;
				CLANG_WARN_NON_LITERAL_NULL_CONVERSION = YES;
				CLANG_WARN_OBJC_IMPLICIT_RETAIN_SELF = YES;
				CLANG_WARN_OBJC_LITERAL_CONVERSION = YES;
				CLANG_WARN_OBJC_ROOT_CLASS = YES_ERROR;
				CLANG_WARN_QUOTED_INCLUDE_IN_FRAMEWORK_HEADER = YES;
				CLANG_WARN_RANGE_LOOP_ANALYSIS = YES;
				CLANG_WARN_STRICT_PROTOTYPES = YES;
				CLANG_WARN_SUSPICIOUS_MOVE = YES;
				CLANG_WARN_UNGUARDED_AVAILABILITY = YES_AGGRESSIVE;
				CLANG_WARN_UNREACHABLE_CODE = YES;
				CLANG_WARN__DUPLICATE_METHOD_MATCH = YES;
				COPY_PHASE_STRIP = NO;
				DEBUG_INFORMATION_FORMAT = "dwarf-with-dsym";
				ENABLE_NS_ASSERTIONS = NO;
				ENABLE_STRICT_OBJC_MSGSEND = YES;
				ENABLE_USER_SCRIPT_SANDBOXING = YES;
				GCC_C_LANGUAGE_STANDARD = gnu17;
				GCC_NO_COMMON_BLOCKS = YES;
				GCC_WARN_64_TO_32_BIT_CONVERSION = YES;
				GCC_WARN_ABOUT_RETURN_TYPE = YES_ERROR;
				GCC_WARN_UNDECLARED_SELECTOR = YES;
				GCC_WARN_UNINITIALIZED_AUTOS = YES_AGGRESSIVE;
				GCC_WARN_UNUSED_FUNCTION = YES;
				GCC_WARN_UNUSED_VARIABLE = YES;
				IPHONEOS_DEPLOYMENT_TARGET = 17.2;
				LOCALIZATION_PREFERS_STRING_CATALOGS = YES;
				MTL_ENABLE_DEBUG_INFO = NO;
				MTL_FAST_MATH = YES;
				SDKROOT = iphoneos;
				SWIFT_COMPILATION_MODE = wholemodule;
				VALIDATE_PRODUCT = YES;
			};
			name = Release;
		};
		2B7DC2262BC8152900035EFE /* Debug */ = {
			isa = XCBuildConfiguration;
			buildSettings = {
				ALWAYS_EMBED_SWIFT_STANDARD_LIBRARIES = YES;
				ASSETCATALOG_COMPILER_APPICON_NAME = AppIcon;
				ASSETCATALOG_COMPILER_GLOBAL_ACCENT_COLOR_NAME = AccentColor;
				CODE_SIGN_STYLE = Automatic;
				CURRENT_PROJECT_VERSION = 1;
				DEVELOPMENT_ASSET_PATHS = "\"english3/Preview Content\"";
				DEVELOPMENT_TEAM = MQ59NX4PS5;
				ENABLE_PREVIEWS = YES;
				GENERATE_INFOPLIST_FILE = YES;
				INFOPLIST_KEY_UIApplicationSceneManifest_Generation = YES;
				INFOPLIST_KEY_UIApplicationSupportsIndirectInputEvents = YES;
				INFOPLIST_KEY_UILaunchScreen_Generation = YES;
				INFOPLIST_KEY_UISupportedInterfaceOrientations_iPad = "UIInterfaceOrientationPortrait UIInterfaceOrientationPortraitUpsideDown UIInterfaceOrientationLandscapeLeft UIInterfaceOrientationLandscapeRight";
				INFOPLIST_KEY_UISupportedInterfaceOrientations_iPhone = "UIInterfaceOrientationPortrait UIInterfaceOrientationLandscapeLeft UIInterfaceOrientationLandscapeRight";
				LD_RUNPATH_SEARCH_PATHS = (
					"$(inherited)",
					"@executable_path/Frameworks",
				);
				MARKETING_VERSION = 1.0;
				PRODUCT_BUNDLE_IDENTIFIER = com.tomohavvk.english3;
				PRODUCT_NAME = "$(TARGET_NAME)";
				SWIFT_EMIT_LOC_STRINGS = YES;
				SWIFT_VERSION = 5.0;
				TARGETED_DEVICE_FAMILY = "1,2";
			};
			name = Debug;
		};
		2B7DC2272BC8152900035EFE /* Release */ = {
			isa = XCBuildConfiguration;
			buildSettings = {
				ALWAYS_EMBED_SWIFT_STANDARD_LIBRARIES = YES;
				ASSETCATALOG_COMPILER_APPICON_NAME = AppIcon;
				ASSETCATALOG_COMPILER_GLOBAL_ACCENT_COLOR_NAME = AccentColor;
				CODE_SIGN_STYLE = Automatic;
				CURRENT_PROJECT_VERSION = 1;
				DEVELOPMENT_ASSET_PATHS = "\"english3/Preview Content\"";
				DEVELOPMENT_TEAM = MQ59NX4PS5;
				ENABLE_PREVIEWS = YES;
				GENERATE_INFOPLIST_FILE = YES;
				INFOPLIST_KEY_UIApplicationSceneManifest_Generation = YES;
				INFOPLIST_KEY_UIApplicationSupportsIndirectInputEvents = YES;
				INFOPLIST_KEY_UILaunchScreen_Generation = YES;
				INFOPLIST_KEY_UISupportedInterfaceOrientations_iPad = "UIInterfaceOrientationPortrait UIInterfaceOrientationPortraitUpsideDown UIInterfaceOrientationLandscapeLeft UIInterfaceOrientationLandscapeRight";
				INFOPLIST_KEY_UISupportedInterfaceOrientations_iPhone = "UIInterfaceOrientationPortrait UIInterfaceOrientationLandscapeLeft UIInterfaceOrientationLandscapeRight";
				LD_RUNPATH_SEARCH_PATHS = (
					"$(inherited)",
					"@executable_path/Frameworks",
				);
				MARKETING_VERSION = 1.0;
				PRODUCT_BUNDLE_IDENTIFIER = com.tomohavvk.english3;
				PRODUCT_NAME = "$(TARGET_NAME)";
				SWIFT_EMIT_LOC_STRINGS = YES;
				SWIFT_VERSION = 5.0;
				TARGETED_DEVICE_FAMILY = "1,2";
			};
			name = Release;
		};
		2B7DC2422BC8153B00035EFE /* Debug */ = {
			isa = XCBuildConfiguration;
			buildSettings = {
				ASSETCATALOG_COMPILER_GLOBAL_ACCENT_COLOR_NAME = AccentColor;
				ASSETCATALOG_COMPILER_WIDGET_BACKGROUND_COLOR_NAME = WidgetBackground;
				CODE_SIGN_STYLE = Automatic;
				CURRENT_PROJECT_VERSION = 1;
				DEVELOPMENT_TEAM = MQ59NX4PS5;
				GENERATE_INFOPLIST_FILE = YES;
				INFOPLIST_FILE = english/Info.plist;
				INFOPLIST_KEY_CFBundleDisplayName = english;
				INFOPLIST_KEY_NSHumanReadableCopyright = "";
				LD_RUNPATH_SEARCH_PATHS = (
					"$(inherited)",
					"@executable_path/Frameworks",
					"@executable_path/../../Frameworks",
				);
				MARKETING_VERSION = 1.0;
				PRODUCT_BUNDLE_IDENTIFIER = com.tomohavvk.english3.english;
				PRODUCT_NAME = "$(TARGET_NAME)";
				SKIP_INSTALL = YES;
				SWIFT_EMIT_LOC_STRINGS = YES;
				SWIFT_VERSION = 5.0;
				TARGETED_DEVICE_FAMILY = "1,2";
			};
			name = Debug;
		};
		2B7DC2432BC8153B00035EFE /* Release */ = {
			isa = XCBuildConfiguration;
			buildSettings = {
				ASSETCATALOG_COMPILER_GLOBAL_ACCENT_COLOR_NAME = AccentColor;
				ASSETCATALOG_COMPILER_WIDGET_BACKGROUND_COLOR_NAME = WidgetBackground;
				CODE_SIGN_STYLE = Automatic;
				CURRENT_PROJECT_VERSION = 1;
				DEVELOPMENT_TEAM = MQ59NX4PS5;
				GENERATE_INFOPLIST_FILE = YES;
				INFOPLIST_FILE = english/Info.plist;
				INFOPLIST_KEY_CFBundleDisplayName = english;
				INFOPLIST_KEY_NSHumanReadableCopyright = "";
				LD_RUNPATH_SEARCH_PATHS = (
					"$(inherited)",
					"@executable_path/Frameworks",
					"@executable_path/../../Frameworks",
				);
				MARKETING_VERSION = 1.0;
				PRODUCT_BUNDLE_IDENTIFIER = com.tomohavvk.english3.english;
				PRODUCT_NAME = "$(TARGET_NAME)";
				SKIP_INSTALL = YES;
				SWIFT_EMIT_LOC_STRINGS = YES;
				SWIFT_VERSION = 5.0;
				TARGETED_DEVICE_FAMILY = "1,2";
			};
			name = Release;
		};
/* End XCBuildConfiguration section */

/* Begin XCConfigurationList section */
		2B7DC2122BC8152800035EFE /* Build configuration list for PBXProject "english3" */ = {
			isa = XCConfigurationList;
			buildConfigurations = (
				2B7DC2232BC8152900035EFE /* Debug */,
				2B7DC2242BC8152900035EFE /* Release */,
			);
			defaultConfigurationIsVisible = 0;
			defaultConfigurationName = Release;
		};
		2B7DC2252BC8152900035EFE /* Build configuration list for PBXNativeTarget "english3" */ = {
			isa = XCConfigurationList;
			buildConfigurations = (
				2B7DC2262BC8152900035EFE /* Debug */,
				2B7DC2272BC8152900035EFE /* Release */,
			);
			defaultConfigurationIsVisible = 0;
			defaultConfigurationName = Release;
		};
		2B7DC2412BC8153B00035EFE /* Build configuration list for PBXNativeTarget "englishExtension" */ = {
			isa = XCConfigurationList;
			buildConfigurations = (
				2B7DC2422BC8153B00035EFE /* Debug */,
				2B7DC2432BC8153B00035EFE /* Release */,
			);
			defaultConfigurationIsVisible = 0;
			defaultConfigurationName = Release;
		};
/* End XCConfigurationList section */
	};
	rootObject = 2B7DC20F2BC8152800035EFE /* Project object */;
}
